
Microsoft Visual Studio Solution File, Format Version 12.00
# Visual Studio Version 16
VisualStudioVersion = 16.0.32630.194
MinimumVisualStudioVersion = 10.0.40219.1
Project("{FAE04EC0-301F-11D3-BF4B-00C04F79EFBC}") = "Basic Math", "Basic Math\Basic Math.csproj", "{7017B116-7C1E-4D4B-BE04-E9E443C888E2}"
EndProject
Global
	GlobalSection(SolutionConfigurationPlatforms) = preSolution
		Debug|Any CPU = Debug|Any CPU
		Release|Any CPU = Release|Any CPU
	EndGlobalSection
	GlobalSection(ProjectConfigurationPlatforms) = postSolution
		{7017B116-7C1E-4D4B-BE04-E9E443C888E2}.Debug|Any CPU.ActiveCfg = Debug|Any CPU
		{7017B116-7C1E-4D4B-BE04-E9E443C888E2}.Debug|Any CPU.Build.0 = Debug|Any CPU
		{7017B116-7C1E-4D4B-BE04-E9E443C888E2}.Release|Any CPU.ActiveCfg = Release|Any CPU
		{7017B116-7C1E-4D4B-BE04-E9E443C888E2}.Release|Any CPU.Build.0 = Release|Any CPU
	EndGlobalSection
	GlobalSection(SolutionProperties) = preSolution
		HideSolutionNode = FALSE
	EndGlobalSection
	GlobalSection(ExtensibilityGlobals) = postSolution
		SolutionGuid = {5FC6CC33-6482-4536-A413-ADF8157D068E}
	EndGlobalSection
EndGlobal
